{
  "name": "@zerodaypoke/strange-types",
  "version": "1.0.2",
  "lockfileVersion": 3,
  "requires": true,
  "packages": {
    "": {
      "name": "@zerodaypoke/strange-types",
      "version": "1.0.2",
      "license": "ISC",
      "dependencies": {
        "@zerodaypoke/strange-types": "^1.0.2"
      },
      "devDependencies": {
        "typescript": "^5.3.3"
      }
    },
    "node_modules/@zerodaypoke/strange-types": {
      "version": "1.0.2",
      "resolved": "https://registry.npmjs.org/@zerodaypoke/strange-types/-/strange-types-1.0.2.tgz",
      "integrity": "sha512-lmDmBg4gekm6zzg3MUSb1FRm1j3YyIvbao5dvl7/m4D1jzMzQ9HZ6XT6Vzs3nt6KLixbeU1/ofx7Z534lpGKkw=="
    },
    "node_modules/typescript": {
      "version": "5.3.3",
      "resolved": "https://registry.npmjs.org/typescript/-/typescript-5.3.3.tgz",
      "integrity": "sha512-pXWcraxM0uxAS+tN0AG/BF2TyqmHO014Z070UsJ+pFvYuRSq8KH8DmWpnbXe0pEPDHXZV3FcAbJkijJ5oNEnWw==",
      "dev": true,
      "bin": {
        "tsc": "bin/tsc",
        "tsserver": "bin/tsserver"
      },
      "engines": {
        "node": ">=14.17"
      }
    }
  }
}
